{
  "name": "bossylobster-blog",
  "version": "0.0.0",
  "lockfileVersion": 2,
  "requires": true,
  "packages": {
    "": {
      "name": "bossylobster-blog",
      "version": "0.0.0",
      "license": "Apache-2.0",
      "dependencies": {
        "commander": "8.3.0",
        "katex": "0.13.18"
      }
    },
    "node_modules/commander": {
      "version": "8.3.0",
      "resolved": "https://registry.npmjs.org/commander/-/commander-8.3.0.tgz",
      "integrity": "sha512-OkTL9umf+He2DZkUq8f8J9of7yL6RJKI24dVITBmNfZBmri9zYZQrKkuXiKhyfPSu8tUhnVBB1iKXevvnlR4Ww==",
      "engines": {
        "node": ">= 12"
      }
    },
    "node_modules/katex": {
      "version": "0.13.18",
      "resolved": "https://registry.npmjs.org/katex/-/katex-0.13.18.tgz",
      "integrity": "sha512-a3dC4NSVSDU3O1WZbTnOiA8rVNJ2lSiomOl0kmckCIGObccIHXof7gAseIY0o1gjEspe+34ZeSEX2D1ChFKIvA==",
      "dependencies": {
        "commander": "^6.0.0"
      },
      "bin": {
        "katex": "cli.js"
      }
    },
    "node_modules/katex/node_modules/commander": {
      "version": "6.2.1",
      "resolved": "https://registry.npmjs.org/commander/-/commander-6.2.1.tgz",
      "integrity": "sha512-U7VdrJFnJgo4xjrHpTzu0yrHPGImdsmD95ZlgYSEajAn2JKzDhDTPG9kBTefmObL2w/ngeZnilk+OV9CG3d7UA==",
      "engines": {
        "node": ">= 6"
      }
    }
  },
  "dependencies": {
    "commander": {
      "version": "8.3.0",
      "resolved": "https://registry.npmjs.org/commander/-/commander-8.3.0.tgz",
      "integrity": "sha512-OkTL9umf+He2DZkUq8f8J9of7yL6RJKI24dVITBmNfZBmri9zYZQrKkuXiKhyfPSu8tUhnVBB1iKXevvnlR4Ww=="
    },
    "katex": {
      "version": "0.13.18",
      "resolved": "https://registry.npmjs.org/katex/-/katex-0.13.18.tgz",
      "integrity": "sha512-a3dC4NSVSDU3O1WZbTnOiA8rVNJ2lSiomOl0kmckCIGObccIHXof7gAseIY0o1gjEspe+34ZeSEX2D1ChFKIvA==",
      "requires": {
        "commander": "^6.0.0"
      },
      "dependencies": {
        "commander": {
          "version": "6.2.1",
          "resolved": "https://registry.npmjs.org/commander/-/commander-6.2.1.tgz",
          "integrity": "sha512-U7VdrJFnJgo4xjrHpTzu0yrHPGImdsmD95ZlgYSEajAn2JKzDhDTPG9kBTefmObL2w/ngeZnilk+OV9CG3d7UA=="
        }
      }
    }
  }
}
