{
  "name": "bossylobster-blog",
  "version": "0.0.0",
  "lockfileVersion": 1,
  "requires": true,
  "dependencies": {
    "commander": {
      "version": "2.17.1",
      "resolved": "https://registry.npmjs.org/commander/-/commander-2.17.1.tgz",
      "integrity": "sha512-wPMUt6FnH2yzG95SA6mzjQOEKUU3aLaDEmzs1ti+1E9h+CsrZghRlqEM/EJ4KscsQVG8uNN4uVreUeT8+drlgg=="
    },
    "katex": {
      "version": "0.10.0-rc.1",
      "resolved": "https://registry.npmjs.org/katex/-/katex-0.10.0-rc.1.tgz",
      "integrity": "sha512-JmnreLp0lWPA1z1krzO5drN1qBrkhqzMg5qv0l5y+Fr97sqgOuh37k9ky7VD1k/Ec+yvOe2BptiYSR9OoShkFg==",
      "requires": {
        "commander": "^2.16.0"
      }
    }
  }
}
